
Microsoft Visual Studio Solution File, Format Version 12.00
# Visual Studio Version 16
VisualStudioVersion = 16.0.31112.23
MinimumVisualStudioVersion = 10.0.40219.1
Project("{9A19103F-16F7-4668-BE54-9A1E7A4F7556}") = "IngredientApi", "IngredientApi\IngredientApi.csproj", "{7FCDDC0C-DC2B-4DD9-943E-52A3664B505C}"
EndProject
Project("{9A19103F-16F7-4668-BE54-9A1E7A4F7556}") = "IdentityServer", "..\IdentityServer\IdentityServer.csproj", "{35B756C2-33BF-432D-A824-4A64BF94589F}"
EndProject
Global
	GlobalSection(SolutionConfigurationPlatforms) = preSolution
		Debug|Any CPU = Debug|Any CPU
		Release|Any CPU = Release|Any CPU
	EndGlobalSection
	GlobalSection(ProjectConfigurationPlatforms) = postSolution
		{7FCDDC0C-DC2B-4DD9-943E-52A3664B505C}.Debug|Any CPU.ActiveCfg = Debug|Any CPU
		{7FCDDC0C-DC2B-4DD9-943E-52A3664B505C}.Debug|Any CPU.Build.0 = Debug|Any CPU
		{7FCDDC0C-DC2B-4DD9-943E-52A3664B505C}.Release|Any CPU.ActiveCfg = Release|Any CPU
		{7FCDDC0C-DC2B-4DD9-943E-52A3664B505C}.Release|Any CPU.Build.0 = Release|Any CPU
		{35B756C2-33BF-432D-A824-4A64BF94589F}.Debug|Any CPU.ActiveCfg = Debug|Any CPU
		{35B756C2-33BF-432D-A824-4A64BF94589F}.Debug|Any CPU.Build.0 = Debug|Any CPU
		{35B756C2-33BF-432D-A824-4A64BF94589F}.Release|Any CPU.ActiveCfg = Release|Any CPU
		{35B756C2-33BF-432D-A824-4A64BF94589F}.Release|Any CPU.Build.0 = Release|Any CPU
	EndGlobalSection
	GlobalSection(SolutionProperties) = preSolution
		HideSolutionNode = FALSE
	EndGlobalSection
	GlobalSection(ExtensibilityGlobals) = postSolution
		SolutionGuid = {120631EF-52A2-43E8-A5B0-7FA0792CF67D}
	EndGlobalSection
EndGlobal
